<?xml version="1.0" encoding="utf-8"?>
<Project ToolsVersion="4.0" xmlns="http://schemas.microsoft.com/developer/msbuild/2003">
  <ItemGroup>
    <Filter Include="Source Files">
      <UniqueIdentifier>{4FC737F1-C7A5-4376-A066-2A32D752A2FF}</UniqueIdentifier>
      <Extensions>cpp;c;cc;cxx;def;odl;idl;hpj;bat;asm;asmx</Extensions>
    </Filter>
    <Filter Include="Header Files">
      <UniqueIdentifier>{93995380-89BD-4b04-88EB-625FBE52EBFB}</UniqueIdentifier>
      <Extensions>h;hh;hpp;hxx;hm;inl;inc;xsd</Extensions>
    </Filter>
    <Filter Include="Resource Files">
      <UniqueIdentifier>{67DA6AB6-F800-4c08-8B7A-83BB121AAD01}</UniqueIdentifier>
      <Extensions>rc;ico;cur;bmp;dlg;rc2;rct;bin;rgs;gif;jpg;jpeg;jpe;resx;tiff;tif;png;wav;mfcribbon-ms</Extensions>
    </Filter>
    <Filter Include="Shaders">
      <UniqueIdentifier>{00ba4615-aaf0-4194-86a2-da905d7dca91}</UniqueIdentifier>
    </Filter>
  </ItemGroup>
  <ItemGroup>
    <ClCompile Include="main.cpp">
      <Filter>Source Files</Filter>
    </ClCompile>
    <ClCompile Include="JESystem.cpp">
      <Filter>Source Files</Filter>
    </ClCompile>
    <ClCompile Include="JEInput.cpp">
      <Filter>Source Files</Filter>
    </ClCompile>
    <ClCompile Include="JEGraphics.cpp">
      <Filter>Source Files</Filter>
    </ClCompile>
    <ClCompile Include="JED3D.cpp">
      <Filter>Source Files</Filter>
    </ClCompile>
    <ClCompile Include="JEModel.cpp">
      <Filter>Source Files</Filter>
    </ClCompile>
    <ClCompile Include="JECamera.cpp">
      <Filter>Source Files</Filter>
    </ClCompile>
    <ClCompile Include="JETexture.cpp">
      <Filter>Source Files</Filter>
    </ClCompile>
    <ClCompile Include="JELightShader.cpp">
      <Filter>Source Files</Filter>
    </ClCompile>
    <ClCompile Include="JELight.cpp">
      <Filter>Source Files</Filter>
    </ClCompile>
  </ItemGroup>
  <ItemGroup>
    <ClInclude Include="JESystem.h">
      <Filter>Header Files</Filter>
    </ClInclude>
    <ClInclude Include="JEInput.h">
      <Filter>Header Files</Filter>
    </ClInclude>
    <ClInclude Include="JEGraphics.h">
      <Filter>Header Files</Filter>
    </ClInclude>
    <ClInclude Include="JED3D.h">
      <Filter>Header Files</Filter>
    </ClInclude>
    <ClInclude Include="JEModel.h">
      <Filter>Header Files</Filter>
    </ClInclude>
    <ClInclude Include="JECamera.h">
      <Filter>Header Files</Filter>
    </ClInclude>
    <ClInclude Include="JETexture.h">
      <Filter>Header Files</Filter>
    </ClInclude>
    <ClInclude Include="JELightShader.h">
      <Filter>Header Files</Filter>
    </ClInclude>
    <ClInclude Include="JELight.h">
      <Filter>Header Files</Filter>
    </ClInclude>
  </ItemGroup>
  <ItemGroup>
    <None Include="Shaders\light.vs">
      <Filter>Shaders</Filter>
    </None>
    <None Include="Shaders\light.ps">
      <Filter>Shaders</Filter>
    </None>
  </ItemGroup>
</Project>